
Microsoft Visual Studio Solution File, Format Version 12.00
# Visual Studio 15
VisualStudioVersion = 15.0.28010.2046
MinimumVisualStudioVersion = 10.0.40219.1
Project("{FAE04EC0-301F-11D3-BF4B-00C04F79EFBC}") = "ConsoleApp2", "ConsoleApp2\ConsoleApp2.csproj", "{D5ED054F-C78C-4D53-B543-B3A9E14EEA89}"
EndProject
Global
	GlobalSection(SolutionConfigurationPlatforms) = preSolution
		Debug|Any CPU = Debug|Any CPU
		Release|Any CPU = Release|Any CPU
	EndGlobalSection
	GlobalSection(ProjectConfigurationPlatforms) = postSolution
		{D5ED054F-C78C-4D53-B543-B3A9E14EEA89}.Debug|Any CPU.ActiveCfg = Debug|Any CPU
		{D5ED054F-C78C-4D53-B543-B3A9E14EEA89}.Debug|Any CPU.Build.0 = Debug|Any CPU
		{D5ED054F-C78C-4D53-B543-B3A9E14EEA89}.Release|Any CPU.ActiveCfg = Release|Any CPU
		{D5ED054F-C78C-4D53-B543-B3A9E14EEA89}.Release|Any CPU.Build.0 = Release|Any CPU
	EndGlobalSection
	GlobalSection(SolutionProperties) = preSolution
		HideSolutionNode = FALSE
	EndGlobalSection
	GlobalSection(ExtensibilityGlobals) = postSolution
		SolutionGuid = {A4AABFD2-67DD-4E5E-AF38-341CD4A3F8B8}
	EndGlobalSection
EndGlobal
