
Microsoft Visual Studio Solution File, Format Version 12.00
# Visual Studio 15
VisualStudioVersion = 15.0.28010.2046
MinimumVisualStudioVersion = 10.0.40219.1
Project("{FAE04EC0-301F-11D3-BF4B-00C04F79EFBC}") = "DeligateTest", "DeligateTest\DeligateTest.csproj", "{83208230-1201-4305-A452-00BDA78C37CE}"
EndProject
Global
	GlobalSection(SolutionConfigurationPlatforms) = preSolution
		Debug|Any CPU = Debug|Any CPU
		Release|Any CPU = Release|Any CPU
	EndGlobalSection
	GlobalSection(ProjectConfigurationPlatforms) = postSolution
		{83208230-1201-4305-A452-00BDA78C37CE}.Debug|Any CPU.ActiveCfg = Debug|Any CPU
		{83208230-1201-4305-A452-00BDA78C37CE}.Debug|Any CPU.Build.0 = Debug|Any CPU
		{83208230-1201-4305-A452-00BDA78C37CE}.Release|Any CPU.ActiveCfg = Release|Any CPU
		{83208230-1201-4305-A452-00BDA78C37CE}.Release|Any CPU.Build.0 = Release|Any CPU
	EndGlobalSection
	GlobalSection(SolutionProperties) = preSolution
		HideSolutionNode = FALSE
	EndGlobalSection
	GlobalSection(ExtensibilityGlobals) = postSolution
		SolutionGuid = {49DD3448-6C98-4FD6-B7F7-806239A04052}
	EndGlobalSection
EndGlobal
